
Microsoft Visual Studio Solution File, Format Version 12.00
# Visual Studio 15
VisualStudioVersion = 15.0.28010.2026
MinimumVisualStudioVersion = 10.0.40219.1
Project("{FAE04EC0-301F-11D3-BF4B-00C04F79EFBC}") = "Carcel", "Carcel\Carcel.csproj", "{52F701BE-D598-4AB2-AAD6-2AB87EA5D7F4}"
EndProject
Project("{FAE04EC0-301F-11D3-BF4B-00C04F79EFBC}") = "BibliotecaCarcel", "BibliotecaCarcel\BibliotecaCarcel.csproj", "{A5AF9BBD-FE0C-4E1F-B4E8-6EA8071C8A46}"
EndProject
Global
	GlobalSection(SolutionConfigurationPlatforms) = preSolution
		Debug|Any CPU = Debug|Any CPU
		Release|Any CPU = Release|Any CPU
	EndGlobalSection
	GlobalSection(ProjectConfigurationPlatforms) = postSolution
		{52F701BE-D598-4AB2-AAD6-2AB87EA5D7F4}.Debug|Any CPU.ActiveCfg = Debug|Any CPU
		{52F701BE-D598-4AB2-AAD6-2AB87EA5D7F4}.Debug|Any CPU.Build.0 = Debug|Any CPU
		{52F701BE-D598-4AB2-AAD6-2AB87EA5D7F4}.Release|Any CPU.ActiveCfg = Release|Any CPU
		{52F701BE-D598-4AB2-AAD6-2AB87EA5D7F4}.Release|Any CPU.Build.0 = Release|Any CPU
		{A5AF9BBD-FE0C-4E1F-B4E8-6EA8071C8A46}.Debug|Any CPU.ActiveCfg = Debug|Any CPU
		{A5AF9BBD-FE0C-4E1F-B4E8-6EA8071C8A46}.Debug|Any CPU.Build.0 = Debug|Any CPU
		{A5AF9BBD-FE0C-4E1F-B4E8-6EA8071C8A46}.Release|Any CPU.ActiveCfg = Release|Any CPU
		{A5AF9BBD-FE0C-4E1F-B4E8-6EA8071C8A46}.Release|Any CPU.Build.0 = Release|Any CPU
	EndGlobalSection
	GlobalSection(SolutionProperties) = preSolution
		HideSolutionNode = FALSE
	EndGlobalSection
	GlobalSection(ExtensibilityGlobals) = postSolution
		SolutionGuid = {01F9830A-761D-4812-8270-4EBC7F20FD27}
	EndGlobalSection
EndGlobal
